
Microsoft Visual Studio Solution File, Format Version 12.00
# Visual Studio Version 16
VisualStudioVersion = 16.0.29709.97
MinimumVisualStudioVersion = 10.0.40219.1
Project("{FAE04EC0-301F-11D3-BF4B-00C04F79EFBC}") = "Shooting-range-core", "Shooting-range-core\Shooting-range-core.csproj", "{665E7D49-08C3-4111-81A4-C31433FF6824}"
EndProject
Global
	GlobalSection(SolutionConfigurationPlatforms) = preSolution
		Debug|Any CPU = Debug|Any CPU
		Release|Any CPU = Release|Any CPU
	EndGlobalSection
	GlobalSection(ProjectConfigurationPlatforms) = postSolution
		{665E7D49-08C3-4111-81A4-C31433FF6824}.Debug|Any CPU.ActiveCfg = Debug|Any CPU
		{665E7D49-08C3-4111-81A4-C31433FF6824}.Debug|Any CPU.Build.0 = Debug|Any CPU
		{665E7D49-08C3-4111-81A4-C31433FF6824}.Release|Any CPU.ActiveCfg = Release|Any CPU
		{665E7D49-08C3-4111-81A4-C31433FF6824}.Release|Any CPU.Build.0 = Release|Any CPU
	EndGlobalSection
	GlobalSection(SolutionProperties) = preSolution
		HideSolutionNode = FALSE
	EndGlobalSection
	GlobalSection(ExtensibilityGlobals) = postSolution
		SolutionGuid = {403B2BA4-7A5A-4B67-B527-05B669220E23}
	EndGlobalSection
EndGlobal
